
Microsoft Visual Studio Solution File, Format Version 12.00
# Visual Studio 15
VisualStudioVersion = 15.0.27703.2026
MinimumVisualStudioVersion = 10.0.40219.1
Project("{FAE04EC0-301F-11D3-BF4B-00C04F79EFBC}") = "XF.MVVMBasic.Android", "XF.MVVMBasic\XF.MVVMBasic.Android\XF.MVVMBasic.Android.csproj", "{962F7319-D400-4EA9-A91A-76721D1C8AA3}"
EndProject
Project("{FAE04EC0-301F-11D3-BF4B-00C04F79EFBC}") = "XF.MVVMBasic.iOS", "XF.MVVMBasic\XF.MVVMBasic.iOS\XF.MVVMBasic.iOS.csproj", "{D2414C54-E3A5-4C17-B01B-DA19506E4B59}"
EndProject
Project("{FAE04EC0-301F-11D3-BF4B-00C04F79EFBC}") = "XF.MVVMBasic", "XF.MVVMBasic\XF.MVVMBasic\XF.MVVMBasic.csproj", "{5223F3A3-9811-45B4-89C8-BD51C806CAE7}"
EndProject
Global
	GlobalSection(SolutionConfigurationPlatforms) = preSolution
		Ad-Hoc|Any CPU = Ad-Hoc|Any CPU
		Ad-Hoc|iPhone = Ad-Hoc|iPhone
		Ad-Hoc|iPhoneSimulator = Ad-Hoc|iPhoneSimulator
		AppStore|Any CPU = AppStore|Any CPU
		AppStore|iPhone = AppStore|iPhone
		AppStore|iPhoneSimulator = AppStore|iPhoneSimulator
		Debug|Any CPU = Debug|Any CPU
		Debug|iPhone = Debug|iPhone
		Debug|iPhoneSimulator = Debug|iPhoneSimulator
		Release|Any CPU = Release|Any CPU
		Release|iPhone = Release|iPhone
		Release|iPhoneSimulator = Release|iPhoneSimulator
	EndGlobalSection
	GlobalSection(ProjectConfigurationPlatforms) = postSolution
		{962F7319-D400-4EA9-A91A-76721D1C8AA3}.Ad-Hoc|Any CPU.ActiveCfg = Release|Any CPU
		{962F7319-D400-4EA9-A91A-76721D1C8AA3}.Ad-Hoc|Any CPU.Build.0 = Release|Any CPU
		{962F7319-D400-4EA9-A91A-76721D1C8AA3}.Ad-Hoc|Any CPU.Deploy.0 = Release|Any CPU
		{962F7319-D400-4EA9-A91A-76721D1C8AA3}.Ad-Hoc|iPhone.ActiveCfg = Release|Any CPU
		{962F7319-D400-4EA9-A91A-76721D1C8AA3}.Ad-Hoc|iPhone.Build.0 = Release|Any CPU
		{962F7319-D400-4EA9-A91A-76721D1C8AA3}.Ad-Hoc|iPhone.Deploy.0 = Release|Any CPU
		{962F7319-D400-4EA9-A91A-76721D1C8AA3}.Ad-Hoc|iPhoneSimulator.ActiveCfg = Release|Any CPU
		{962F7319-D400-4EA9-A91A-76721D1C8AA3}.Ad-Hoc|iPhoneSimulator.Build.0 = Release|Any CPU
		{962F7319-D400-4EA9-A91A-76721D1C8AA3}.Ad-Hoc|iPhoneSimulator.Deploy.0 = Release|Any CPU
		{962F7319-D400-4EA9-A91A-76721D1C8AA3}.AppStore|Any CPU.ActiveCfg = Release|Any CPU
		{962F7319-D400-4EA9-A91A-76721D1C8AA3}.AppStore|Any CPU.Build.0 = Release|Any CPU
		{962F7319-D400-4EA9-A91A-76721D1C8AA3}.AppStore|Any CPU.Deploy.0 = Release|Any CPU
		{962F7319-D400-4EA9-A91A-76721D1C8AA3}.AppStore|iPhone.ActiveCfg = Release|Any CPU
		{962F7319-D400-4EA9-A91A-76721D1C8AA3}.AppStore|iPhone.Build.0 = Release|Any CPU
		{962F7319-D400-4EA9-A91A-76721D1C8AA3}.AppStore|iPhone.Deploy.0 = Release|Any CPU
		{962F7319-D400-4EA9-A91A-76721D1C8AA3}.AppStore|iPhoneSimulator.ActiveCfg = Release|Any CPU
		{962F7319-D400-4EA9-A91A-76721D1C8AA3}.AppStore|iPhoneSimulator.Build.0 = Release|Any CPU
		{962F7319-D400-4EA9-A91A-76721D1C8AA3}.AppStore|iPhoneSimulator.Deploy.0 = Release|Any CPU
		{962F7319-D400-4EA9-A91A-76721D1C8AA3}.Debug|Any CPU.ActiveCfg = Debug|Any CPU
		{962F7319-D400-4EA9-A91A-76721D1C8AA3}.Debug|Any CPU.Build.0 = Debug|Any CPU
		{962F7319-D400-4EA9-A91A-76721D1C8AA3}.Debug|Any CPU.Deploy.0 = Debug|Any CPU
		{962F7319-D400-4EA9-A91A-76721D1C8AA3}.Debug|iPhone.ActiveCfg = Debug|Any CPU
		{962F7319-D400-4EA9-A91A-76721D1C8AA3}.Debug|iPhone.Build.0 = Debug|Any CPU
		{962F7319-D400-4EA9-A91A-76721D1C8AA3}.Debug|iPhone.Deploy.0 = Debug|Any CPU
		{962F7319-D400-4EA9-A91A-76721D1C8AA3}.Debug|iPhoneSimulator.ActiveCfg = Debug|Any CPU
		{962F7319-D400-4EA9-A91A-76721D1C8AA3}.Debug|iPhoneSimulator.Build.0 = Debug|Any CPU
		{962F7319-D400-4EA9-A91A-76721D1C8AA3}.Debug|iPhoneSimulator.Deploy.0 = Debug|Any CPU
		{962F7319-D400-4EA9-A91A-76721D1C8AA3}.Release|Any CPU.ActiveCfg = Release|Any CPU
		{962F7319-D400-4EA9-A91A-76721D1C8AA3}.Release|Any CPU.Build.0 = Release|Any CPU
		{962F7319-D400-4EA9-A91A-76721D1C8AA3}.Release|Any CPU.Deploy.0 = Release|Any CPU
		{962F7319-D400-4EA9-A91A-76721D1C8AA3}.Release|iPhone.ActiveCfg = Release|Any CPU
		{962F7319-D400-4EA9-A91A-76721D1C8AA3}.Release|iPhone.Build.0 = Release|Any CPU
		{962F7319-D400-4EA9-A91A-76721D1C8AA3}.Release|iPhone.Deploy.0 = Release|Any CPU
		{962F7319-D400-4EA9-A91A-76721D1C8AA3}.Release|iPhoneSimulator.ActiveCfg = Release|Any CPU
		{962F7319-D400-4EA9-A91A-76721D1C8AA3}.Release|iPhoneSimulator.Build.0 = Release|Any CPU
		{962F7319-D400-4EA9-A91A-76721D1C8AA3}.Release|iPhoneSimulator.Deploy.0 = Release|Any CPU
		{D2414C54-E3A5-4C17-B01B-DA19506E4B59}.Ad-Hoc|Any CPU.ActiveCfg = Ad-Hoc|iPhone
		{D2414C54-E3A5-4C17-B01B-DA19506E4B59}.Ad-Hoc|Any CPU.Build.0 = Ad-Hoc|iPhone
		{D2414C54-E3A5-4C17-B01B-DA19506E4B59}.Ad-Hoc|Any CPU.Deploy.0 = Ad-Hoc|iPhone
		{D2414C54-E3A5-4C17-B01B-DA19506E4B59}.Ad-Hoc|iPhone.ActiveCfg = Ad-Hoc|iPhone
		{D2414C54-E3A5-4C17-B01B-DA19506E4B59}.Ad-Hoc|iPhone.Build.0 = Ad-Hoc|iPhone
		{D2414C54-E3A5-4C17-B01B-DA19506E4B59}.Ad-Hoc|iPhone.Deploy.0 = Ad-Hoc|iPhone
		{D2414C54-E3A5-4C17-B01B-DA19506E4B59}.Ad-Hoc|iPhoneSimulator.ActiveCfg = Ad-Hoc|iPhoneSimulator
		{D2414C54-E3A5-4C17-B01B-DA19506E4B59}.Ad-Hoc|iPhoneSimulator.Build.0 = Ad-Hoc|iPhoneSimulator
		{D2414C54-E3A5-4C17-B01B-DA19506E4B59}.Ad-Hoc|iPhoneSimulator.Deploy.0 = Ad-Hoc|iPhoneSimulator
		{D2414C54-E3A5-4C17-B01B-DA19506E4B59}.AppStore|Any CPU.ActiveCfg = AppStore|iPhone
		{D2414C54-E3A5-4C17-B01B-DA19506E4B59}.AppStore|Any CPU.Build.0 = AppStore|iPhone
		{D2414C54-E3A5-4C17-B01B-DA19506E4B59}.AppStore|Any CPU.Deploy.0 = AppStore|iPhone
		{D2414C54-E3A5-4C17-B01B-DA19506E4B59}.AppStore|iPhone.ActiveCfg = AppStore|iPhone
		{D2414C54-E3A5-4C17-B01B-DA19506E4B59}.AppStore|iPhone.Build.0 = AppStore|iPhone
		{D2414C54-E3A5-4C17-B01B-DA19506E4B59}.AppStore|iPhone.Deploy.0 = AppStore|iPhone
		{D2414C54-E3A5-4C17-B01B-DA19506E4B59}.AppStore|iPhoneSimulator.ActiveCfg = AppStore|iPhoneSimulator
		{D2414C54-E3A5-4C17-B01B-DA19506E4B59}.AppStore|iPhoneSimulator.Build.0 = AppStore|iPhoneSimulator
		{D2414C54-E3A5-4C17-B01B-DA19506E4B59}.AppStore|iPhoneSimulator.Deploy.0 = AppStore|iPhoneSimulator
		{D2414C54-E3A5-4C17-B01B-DA19506E4B59}.Debug|Any CPU.ActiveCfg = Debug|iPhoneSimulator
		{D2414C54-E3A5-4C17-B01B-DA19506E4B59}.Debug|Any CPU.Build.0 = Debug|iPhoneSimulator
		{D2414C54-E3A5-4C17-B01B-DA19506E4B59}.Debug|Any CPU.Deploy.0 = Debug|iPhoneSimulator
		{D2414C54-E3A5-4C17-B01B-DA19506E4B59}.Debug|iPhone.ActiveCfg = Debug|iPhone
		{D2414C54-E3A5-4C17-B01B-DA19506E4B59}.Debug|iPhone.Build.0 = Debug|iPhone
		{D2414C54-E3A5-4C17-B01B-DA19506E4B59}.Debug|iPhone.Deploy.0 = Debug|iPhone
		{D2414C54-E3A5-4C17-B01B-DA19506E4B59}.Debug|iPhoneSimulator.ActiveCfg = Debug|iPhoneSimulator
		{D2414C54-E3A5-4C17-B01B-DA19506E4B59}.Debug|iPhoneSimulator.Build.0 = Debug|iPhoneSimulator
		{D2414C54-E3A5-4C17-B01B-DA19506E4B59}.Debug|iPhoneSimulator.Deploy.0 = Debug|iPhoneSimulator
		{D2414C54-E3A5-4C17-B01B-DA19506E4B59}.Release|Any CPU.ActiveCfg = Release|iPhone
		{D2414C54-E3A5-4C17-B01B-DA19506E4B59}.Release|Any CPU.Build.0 = Release|iPhone
		{D2414C54-E3A5-4C17-B01B-DA19506E4B59}.Release|Any CPU.Deploy.0 = Release|iPhone
		{D2414C54-E3A5-4C17-B01B-DA19506E4B59}.Release|iPhone.ActiveCfg = Release|iPhone
		{D2414C54-E3A5-4C17-B01B-DA19506E4B59}.Release|iPhone.Build.0 = Release|iPhone
		{D2414C54-E3A5-4C17-B01B-DA19506E4B59}.Release|iPhone.Deploy.0 = Release|iPhone
		{D2414C54-E3A5-4C17-B01B-DA19506E4B59}.Release|iPhoneSimulator.ActiveCfg = Release|iPhoneSimulator
		{D2414C54-E3A5-4C17-B01B-DA19506E4B59}.Release|iPhoneSimulator.Build.0 = Release|iPhoneSimulator
		{D2414C54-E3A5-4C17-B01B-DA19506E4B59}.Release|iPhoneSimulator.Deploy.0 = Release|iPhoneSimulator
		{5223F3A3-9811-45B4-89C8-BD51C806CAE7}.Ad-Hoc|Any CPU.ActiveCfg = Debug|Any CPU
		{5223F3A3-9811-45B4-89C8-BD51C806CAE7}.Ad-Hoc|Any CPU.Build.0 = Debug|Any CPU
		{5223F3A3-9811-45B4-89C8-BD51C806CAE7}.Ad-Hoc|Any CPU.Deploy.0 = Debug|Any CPU
		{5223F3A3-9811-45B4-89C8-BD51C806CAE7}.Ad-Hoc|iPhone.ActiveCfg = Debug|Any CPU
		{5223F3A3-9811-45B4-89C8-BD51C806CAE7}.Ad-Hoc|iPhone.Build.0 = Debug|Any CPU
		{5223F3A3-9811-45B4-89C8-BD51C806CAE7}.Ad-Hoc|iPhone.Deploy.0 = Debug|Any CPU
		{5223F3A3-9811-45B4-89C8-BD51C806CAE7}.Ad-Hoc|iPhoneSimulator.ActiveCfg = Debug|Any CPU
		{5223F3A3-9811-45B4-89C8-BD51C806CAE7}.Ad-Hoc|iPhoneSimulator.Build.0 = Debug|Any CPU
		{5223F3A3-9811-45B4-89C8-BD51C806CAE7}.Ad-Hoc|iPhoneSimulator.Deploy.0 = Debug|Any CPU
		{5223F3A3-9811-45B4-89C8-BD51C806CAE7}.AppStore|Any CPU.ActiveCfg = Debug|Any CPU
		{5223F3A3-9811-45B4-89C8-BD51C806CAE7}.AppStore|Any CPU.Build.0 = Debug|Any CPU
		{5223F3A3-9811-45B4-89C8-BD51C806CAE7}.AppStore|Any CPU.Deploy.0 = Debug|Any CPU
		{5223F3A3-9811-45B4-89C8-BD51C806CAE7}.AppStore|iPhone.ActiveCfg = Debug|Any CPU
		{5223F3A3-9811-45B4-89C8-BD51C806CAE7}.AppStore|iPhone.Build.0 = Debug|Any CPU
		{5223F3A3-9811-45B4-89C8-BD51C806CAE7}.AppStore|iPhone.Deploy.0 = Debug|Any CPU
		{5223F3A3-9811-45B4-89C8-BD51C806CAE7}.AppStore|iPhoneSimulator.ActiveCfg = Debug|Any CPU
		{5223F3A3-9811-45B4-89C8-BD51C806CAE7}.AppStore|iPhoneSimulator.Build.0 = Debug|Any CPU
		{5223F3A3-9811-45B4-89C8-BD51C806CAE7}.AppStore|iPhoneSimulator.Deploy.0 = Debug|Any CPU
		{5223F3A3-9811-45B4-89C8-BD51C806CAE7}.Debug|Any CPU.ActiveCfg = Debug|Any CPU
		{5223F3A3-9811-45B4-89C8-BD51C806CAE7}.Debug|Any CPU.Build.0 = Debug|Any CPU
		{5223F3A3-9811-45B4-89C8-BD51C806CAE7}.Debug|Any CPU.Deploy.0 = Debug|Any CPU
		{5223F3A3-9811-45B4-89C8-BD51C806CAE7}.Debug|iPhone.ActiveCfg = Debug|Any CPU
		{5223F3A3-9811-45B4-89C8-BD51C806CAE7}.Debug|iPhone.Build.0 = Debug|Any CPU
		{5223F3A3-9811-45B4-89C8-BD51C806CAE7}.Debug|iPhone.Deploy.0 = Debug|Any CPU
		{5223F3A3-9811-45B4-89C8-BD51C806CAE7}.Debug|iPhoneSimulator.ActiveCfg = Debug|Any CPU
		{5223F3A3-9811-45B4-89C8-BD51C806CAE7}.Debug|iPhoneSimulator.Build.0 = Debug|Any CPU
		{5223F3A3-9811-45B4-89C8-BD51C806CAE7}.Debug|iPhoneSimulator.Deploy.0 = Debug|Any CPU
		{5223F3A3-9811-45B4-89C8-BD51C806CAE7}.Release|Any CPU.ActiveCfg = Release|Any CPU
		{5223F3A3-9811-45B4-89C8-BD51C806CAE7}.Release|Any CPU.Build.0 = Release|Any CPU
		{5223F3A3-9811-45B4-89C8-BD51C806CAE7}.Release|Any CPU.Deploy.0 = Release|Any CPU
		{5223F3A3-9811-45B4-89C8-BD51C806CAE7}.Release|iPhone.ActiveCfg = Release|Any CPU
		{5223F3A3-9811-45B4-89C8-BD51C806CAE7}.Release|iPhone.Build.0 = Release|Any CPU
		{5223F3A3-9811-45B4-89C8-BD51C806CAE7}.Release|iPhone.Deploy.0 = Release|Any CPU
		{5223F3A3-9811-45B4-89C8-BD51C806CAE7}.Release|iPhoneSimulator.ActiveCfg = Release|Any CPU
		{5223F3A3-9811-45B4-89C8-BD51C806CAE7}.Release|iPhoneSimulator.Build.0 = Release|Any CPU
		{5223F3A3-9811-45B4-89C8-BD51C806CAE7}.Release|iPhoneSimulator.Deploy.0 = Release|Any CPU
	EndGlobalSection
	GlobalSection(SolutionProperties) = preSolution
		HideSolutionNode = FALSE
	EndGlobalSection
	GlobalSection(ExtensibilityGlobals) = postSolution
		SolutionGuid = {9A33FD67-64E0-43F4-A166-4F8DBE082B86}
	EndGlobalSection
EndGlobal
